
Microsoft Visual Studio Solution File, Format Version 12.00
# Visual Studio Version 16
VisualStudioVersion = 16.0.31702.278
MinimumVisualStudioVersion = 10.0.40219.1
Project("{FAE04EC0-301F-11D3-BF4B-00C04F79EFBC}") = "WebLaptop", "WebLaptop\WebLaptop.csproj", "{B2684382-7766-4C4D-A29D-6B37084FF44E}"
EndProject
Global
	GlobalSection(SolutionConfigurationPlatforms) = preSolution
		Debug|Any CPU = Debug|Any CPU
		Release|Any CPU = Release|Any CPU
	EndGlobalSection
	GlobalSection(ProjectConfigurationPlatforms) = postSolution
		{B2684382-7766-4C4D-A29D-6B37084FF44E}.Debug|Any CPU.ActiveCfg = Debug|Any CPU
		{B2684382-7766-4C4D-A29D-6B37084FF44E}.Debug|Any CPU.Build.0 = Debug|Any CPU
		{B2684382-7766-4C4D-A29D-6B37084FF44E}.Release|Any CPU.ActiveCfg = Release|Any CPU
		{B2684382-7766-4C4D-A29D-6B37084FF44E}.Release|Any CPU.Build.0 = Release|Any CPU
	EndGlobalSection
	GlobalSection(SolutionProperties) = preSolution
		HideSolutionNode = FALSE
	EndGlobalSection
	GlobalSection(ExtensibilityGlobals) = postSolution
		SolutionGuid = {D5ED2CE5-7CD5-482E-9E91-267B2F2C337B}
	EndGlobalSection
EndGlobal
